
Microsoft Visual Studio Solution File, Format Version 12.00
# Visual Studio Version 17
VisualStudioVersion = 17.7.34031.279
MinimumVisualStudioVersion = 10.0.40219.1
Project("{9A19103F-16F7-4668-BE54-9A1E7A4F7556}") = "Tests", "Tests.csproj", "{450EE584-3D09-4EB2-B98B-4F46EFB68D89}"
EndProject
Global
	GlobalSection(SolutionConfigurationPlatforms) = preSolution
		Debug|Any CPU = Debug|Any CPU
		Release|Any CPU = Release|Any CPU
	EndGlobalSection
	GlobalSection(ProjectConfigurationPlatforms) = postSolution
		{450EE584-3D09-4EB2-B98B-4F46EFB68D89}.Debug|Any CPU.ActiveCfg = Debug|Any CPU
		{450EE584-3D09-4EB2-B98B-4F46EFB68D89}.Debug|Any CPU.Build.0 = Debug|Any CPU
		{450EE584-3D09-4EB2-B98B-4F46EFB68D89}.Release|Any CPU.ActiveCfg = Release|Any CPU
		{450EE584-3D09-4EB2-B98B-4F46EFB68D89}.Release|Any CPU.Build.0 = Release|Any CPU
	EndGlobalSection
	GlobalSection(SolutionProperties) = preSolution
		HideSolutionNode = FALSE
	EndGlobalSection
	GlobalSection(ExtensibilityGlobals) = postSolution
		SolutionGuid = {50BC329A-14B1-47C7-8586-88634256FB16}
	EndGlobalSection
EndGlobal
